
Microsoft Visual Studio Solution File, Format Version 12.00
# Visual Studio 2012
Project("{8BC9CEB8-8B4A-11D0-8D11-00A0C91BC942}") = "mysql++11", "msvc-test-project.vcxproj", "{23EBA52F-8E81-4ED9-A53C-C88EC6F82925}"
EndProject
Global
	GlobalSection(SolutionConfigurationPlatforms) = preSolution
		Debug|Win32 = Debug|Win32
		Release|Win32 = Release|Win32
	EndGlobalSection
	GlobalSection(ProjectConfigurationPlatforms) = postSolution
		{23EBA52F-8E81-4ED9-A53C-C88EC6F82925}.Debug|Win32.ActiveCfg = Debug|Win32
		{23EBA52F-8E81-4ED9-A53C-C88EC6F82925}.Debug|Win32.Build.0 = Debug|Win32
		{23EBA52F-8E81-4ED9-A53C-C88EC6F82925}.Release|Win32.ActiveCfg = Release|Win32
		{23EBA52F-8E81-4ED9-A53C-C88EC6F82925}.Release|Win32.Build.0 = Release|Win32
	EndGlobalSection
	GlobalSection(SolutionProperties) = preSolution
		HideSolutionNode = FALSE
	EndGlobalSection
EndGlobal
